
Microsoft Visual Studio Solution File, Format Version 12.00
# Visual Studio Version 17
VisualStudioVersion = 17.5.33424.131
MinimumVisualStudioVersion = 10.0.40219.1
Project("{8BC9CEB8-8B4A-11D0-8D11-00A0C91BC942}") = "pointer", "pointer\pointer.vcxproj", "{4AADDBEA-A439-4323-B756-27EAABE999A0}"
EndProject
Project("{8BC9CEB8-8B4A-11D0-8D11-00A0C91BC942}") = "pointer2", "pointer2\pointer2.vcxproj", "{280D2E55-826A-4C46-8ADF-4EAF157CFEA9}"
EndProject
Project("{8BC9CEB8-8B4A-11D0-8D11-00A0C91BC942}") = "pointer3", "pointer3\pointer3.vcxproj", "{E656F799-26E1-49A1-A531-6CF0880951E2}"
EndProject
Project("{8BC9CEB8-8B4A-11D0-8D11-00A0C91BC942}") = "friendclass2", "friendclass2\friendclass2.vcxproj", "{AD3D0387-2F1F-477C-80D6-5EED7A286DCF}"
EndProject
Global
	GlobalSection(SolutionConfigurationPlatforms) = preSolution
		Debug|x64 = Debug|x64
		Debug|x86 = Debug|x86
		Release|x64 = Release|x64
		Release|x86 = Release|x86
	EndGlobalSection
	GlobalSection(ProjectConfigurationPlatforms) = postSolution
		{4AADDBEA-A439-4323-B756-27EAABE999A0}.Debug|x64.ActiveCfg = Debug|x64
		{4AADDBEA-A439-4323-B756-27EAABE999A0}.Debug|x64.Build.0 = Debug|x64
		{4AADDBEA-A439-4323-B756-27EAABE999A0}.Debug|x86.ActiveCfg = Debug|Win32
		{4AADDBEA-A439-4323-B756-27EAABE999A0}.Debug|x86.Build.0 = Debug|Win32
		{4AADDBEA-A439-4323-B756-27EAABE999A0}.Release|x64.ActiveCfg = Release|x64
		{4AADDBEA-A439-4323-B756-27EAABE999A0}.Release|x64.Build.0 = Release|x64
		{4AADDBEA-A439-4323-B756-27EAABE999A0}.Release|x86.ActiveCfg = Release|Win32
		{4AADDBEA-A439-4323-B756-27EAABE999A0}.Release|x86.Build.0 = Release|Win32
		{280D2E55-826A-4C46-8ADF-4EAF157CFEA9}.Debug|x64.ActiveCfg = Debug|x64
		{280D2E55-826A-4C46-8ADF-4EAF157CFEA9}.Debug|x64.Build.0 = Debug|x64
		{280D2E55-826A-4C46-8ADF-4EAF157CFEA9}.Debug|x86.ActiveCfg = Debug|Win32
		{280D2E55-826A-4C46-8ADF-4EAF157CFEA9}.Debug|x86.Build.0 = Debug|Win32
		{280D2E55-826A-4C46-8ADF-4EAF157CFEA9}.Release|x64.ActiveCfg = Release|x64
		{280D2E55-826A-4C46-8ADF-4EAF157CFEA9}.Release|x64.Build.0 = Release|x64
		{280D2E55-826A-4C46-8ADF-4EAF157CFEA9}.Release|x86.ActiveCfg = Release|Win32
		{280D2E55-826A-4C46-8ADF-4EAF157CFEA9}.Release|x86.Build.0 = Release|Win32
		{E656F799-26E1-49A1-A531-6CF0880951E2}.Debug|x64.ActiveCfg = Debug|x64
		{E656F799-26E1-49A1-A531-6CF0880951E2}.Debug|x64.Build.0 = Debug|x64
		{E656F799-26E1-49A1-A531-6CF0880951E2}.Debug|x86.ActiveCfg = Debug|Win32
		{E656F799-26E1-49A1-A531-6CF0880951E2}.Debug|x86.Build.0 = Debug|Win32
		{E656F799-26E1-49A1-A531-6CF0880951E2}.Release|x64.ActiveCfg = Release|x64
		{E656F799-26E1-49A1-A531-6CF0880951E2}.Release|x64.Build.0 = Release|x64
		{E656F799-26E1-49A1-A531-6CF0880951E2}.Release|x86.ActiveCfg = Release|Win32
		{E656F799-26E1-49A1-A531-6CF0880951E2}.Release|x86.Build.0 = Release|Win32
		{AD3D0387-2F1F-477C-80D6-5EED7A286DCF}.Debug|x64.ActiveCfg = Debug|x64
		{AD3D0387-2F1F-477C-80D6-5EED7A286DCF}.Debug|x64.Build.0 = Debug|x64
		{AD3D0387-2F1F-477C-80D6-5EED7A286DCF}.Debug|x86.ActiveCfg = Debug|Win32
		{AD3D0387-2F1F-477C-80D6-5EED7A286DCF}.Debug|x86.Build.0 = Debug|Win32
		{AD3D0387-2F1F-477C-80D6-5EED7A286DCF}.Release|x64.ActiveCfg = Release|x64
		{AD3D0387-2F1F-477C-80D6-5EED7A286DCF}.Release|x64.Build.0 = Release|x64
		{AD3D0387-2F1F-477C-80D6-5EED7A286DCF}.Release|x86.ActiveCfg = Release|Win32
		{AD3D0387-2F1F-477C-80D6-5EED7A286DCF}.Release|x86.Build.0 = Release|Win32
	EndGlobalSection
	GlobalSection(SolutionProperties) = preSolution
		HideSolutionNode = FALSE
	EndGlobalSection
	GlobalSection(ExtensibilityGlobals) = postSolution
		SolutionGuid = {2A9CBA03-60BC-4FEE-99B4-AA30D0D37585}
	EndGlobalSection
EndGlobal
